
Microsoft Visual Studio Solution File, Format Version 12.00
# Visual Studio 14
VisualStudioVersion = 14.0.25420.1
MinimumVisualStudioVersion = 10.0.40219.1
Project("{FAE04EC0-301F-11D3-BF4B-00C04F79EFBC}") = "CATC.FIDS.Utils", "CATC.FIDS.Utils\CATC.FIDS.Utils.csproj", "{EBAAF48F-E65C-449B-8BC0-CA2DE848594F}"
EndProject
Project("{FAE04EC0-301F-11D3-BF4B-00C04F79EFBC}") = "CATC.FIDS", "CATC.FIDS\CATC.FIDS.csproj", "{1F33C59D-9734-4467-B11B-5196C9C848B9}"
EndProject
Project("{FAE04EC0-301F-11D3-BF4B-00C04F79EFBC}") = "CATC.FIDS.Models", "CATC.FIDS.Models\CATC.FIDS.Models.csproj", "{C13CAFF6-3EA8-4DBE-8EF5-B48F589AC279}"
EndProject
Project("{FAE04EC0-301F-11D3-BF4B-00C04F79EFBC}") = "CATC.FIDS.Model", "CATC.FIDS.Model\CATC.FIDS.Model.csproj", "{5489DC9D-D509-4D24-80C0-3819E56974A9}"
EndProject
Project("{FAE04EC0-301F-11D3-BF4B-00C04F79EFBC}") = "CATC.FIDS.DAL", "CATC.FIDS.DAL\CATC.FIDS.DAL.csproj", "{1E315DB5-A0BD-4B18-A79E-0DBE4A7D7053}"
EndProject
Project("{FAE04EC0-301F-11D3-BF4B-00C04F79EFBC}") = "CATC.FIDS.BLL", "CATC.FIDS.BLL\CATC.FIDS.BLL.csproj", "{ECE040A0-D6F4-4187-9354-246BE7CCCEE7}"
EndProject
Project("{FAE04EC0-301F-11D3-BF4B-00C04F79EFBC}") = "CATC.SynAodb", "CATC.SynAodb\CATC.SynAodb.csproj", "{326FA8D7-0AD2-4B43-8FEA-327668A580DA}"
EndProject
Project("{FAE04EC0-301F-11D3-BF4B-00C04F79EFBC}") = "CATC.FIDS.Weather", "CATC.FIDS.Weather\CATC.FIDS.Weather.csproj", "{D8D689AB-0D80-49B9-A968-3C0547525898}"
EndProject
Global
	GlobalSection(SolutionConfigurationPlatforms) = preSolution
		Debug|Any CPU = Debug|Any CPU
		Debug|x86 = Debug|x86
		Release|Any CPU = Release|Any CPU
		Release|x86 = Release|x86
	EndGlobalSection
	GlobalSection(ProjectConfigurationPlatforms) = postSolution
		{EBAAF48F-E65C-449B-8BC0-CA2DE848594F}.Debug|Any CPU.ActiveCfg = Debug|Any CPU
		{EBAAF48F-E65C-449B-8BC0-CA2DE848594F}.Debug|Any CPU.Build.0 = Debug|Any CPU
		{EBAAF48F-E65C-449B-8BC0-CA2DE848594F}.Debug|x86.ActiveCfg = Debug|Any CPU
		{EBAAF48F-E65C-449B-8BC0-CA2DE848594F}.Debug|x86.Build.0 = Debug|Any CPU
		{EBAAF48F-E65C-449B-8BC0-CA2DE848594F}.Release|Any CPU.ActiveCfg = Release|Any CPU
		{EBAAF48F-E65C-449B-8BC0-CA2DE848594F}.Release|Any CPU.Build.0 = Release|Any CPU
		{EBAAF48F-E65C-449B-8BC0-CA2DE848594F}.Release|x86.ActiveCfg = Release|Any CPU
		{EBAAF48F-E65C-449B-8BC0-CA2DE848594F}.Release|x86.Build.0 = Release|Any CPU
		{1F33C59D-9734-4467-B11B-5196C9C848B9}.Debug|Any CPU.ActiveCfg = Debug|Any CPU
		{1F33C59D-9734-4467-B11B-5196C9C848B9}.Debug|Any CPU.Build.0 = Debug|Any CPU
		{1F33C59D-9734-4467-B11B-5196C9C848B9}.Debug|x86.ActiveCfg = Debug|Any CPU
		{1F33C59D-9734-4467-B11B-5196C9C848B9}.Debug|x86.Build.0 = Debug|Any CPU
		{1F33C59D-9734-4467-B11B-5196C9C848B9}.Release|Any CPU.ActiveCfg = Release|Any CPU
		{1F33C59D-9734-4467-B11B-5196C9C848B9}.Release|Any CPU.Build.0 = Release|Any CPU
		{1F33C59D-9734-4467-B11B-5196C9C848B9}.Release|x86.ActiveCfg = Release|Any CPU
		{1F33C59D-9734-4467-B11B-5196C9C848B9}.Release|x86.Build.0 = Release|Any CPU
		{C13CAFF6-3EA8-4DBE-8EF5-B48F589AC279}.Debug|Any CPU.ActiveCfg = Debug|Any CPU
		{C13CAFF6-3EA8-4DBE-8EF5-B48F589AC279}.Debug|Any CPU.Build.0 = Debug|Any CPU
		{C13CAFF6-3EA8-4DBE-8EF5-B48F589AC279}.Debug|x86.ActiveCfg = Debug|Any CPU
		{C13CAFF6-3EA8-4DBE-8EF5-B48F589AC279}.Debug|x86.Build.0 = Debug|Any CPU
		{C13CAFF6-3EA8-4DBE-8EF5-B48F589AC279}.Release|Any CPU.ActiveCfg = Release|Any CPU
		{C13CAFF6-3EA8-4DBE-8EF5-B48F589AC279}.Release|Any CPU.Build.0 = Release|Any CPU
		{C13CAFF6-3EA8-4DBE-8EF5-B48F589AC279}.Release|x86.ActiveCfg = Release|Any CPU
		{C13CAFF6-3EA8-4DBE-8EF5-B48F589AC279}.Release|x86.Build.0 = Release|Any CPU
		{5489DC9D-D509-4D24-80C0-3819E56974A9}.Debug|Any CPU.ActiveCfg = Debug|Any CPU
		{5489DC9D-D509-4D24-80C0-3819E56974A9}.Debug|Any CPU.Build.0 = Debug|Any CPU
		{5489DC9D-D509-4D24-80C0-3819E56974A9}.Debug|x86.ActiveCfg = Debug|Any CPU
		{5489DC9D-D509-4D24-80C0-3819E56974A9}.Debug|x86.Build.0 = Debug|Any CPU
		{5489DC9D-D509-4D24-80C0-3819E56974A9}.Release|Any CPU.ActiveCfg = Release|Any CPU
		{5489DC9D-D509-4D24-80C0-3819E56974A9}.Release|Any CPU.Build.0 = Release|Any CPU
		{5489DC9D-D509-4D24-80C0-3819E56974A9}.Release|x86.ActiveCfg = Release|Any CPU
		{5489DC9D-D509-4D24-80C0-3819E56974A9}.Release|x86.Build.0 = Release|Any CPU
		{1E315DB5-A0BD-4B18-A79E-0DBE4A7D7053}.Debug|Any CPU.ActiveCfg = Debug|Any CPU
		{1E315DB5-A0BD-4B18-A79E-0DBE4A7D7053}.Debug|Any CPU.Build.0 = Debug|Any CPU
		{1E315DB5-A0BD-4B18-A79E-0DBE4A7D7053}.Debug|x86.ActiveCfg = Debug|Any CPU
		{1E315DB5-A0BD-4B18-A79E-0DBE4A7D7053}.Debug|x86.Build.0 = Debug|Any CPU
		{1E315DB5-A0BD-4B18-A79E-0DBE4A7D7053}.Release|Any CPU.ActiveCfg = Release|Any CPU
		{1E315DB5-A0BD-4B18-A79E-0DBE4A7D7053}.Release|Any CPU.Build.0 = Release|Any CPU
		{1E315DB5-A0BD-4B18-A79E-0DBE4A7D7053}.Release|x86.ActiveCfg = Release|Any CPU
		{1E315DB5-A0BD-4B18-A79E-0DBE4A7D7053}.Release|x86.Build.0 = Release|Any CPU
		{ECE040A0-D6F4-4187-9354-246BE7CCCEE7}.Debug|Any CPU.ActiveCfg = Debug|Any CPU
		{ECE040A0-D6F4-4187-9354-246BE7CCCEE7}.Debug|Any CPU.Build.0 = Debug|Any CPU
		{ECE040A0-D6F4-4187-9354-246BE7CCCEE7}.Debug|x86.ActiveCfg = Debug|Any CPU
		{ECE040A0-D6F4-4187-9354-246BE7CCCEE7}.Debug|x86.Build.0 = Debug|Any CPU
		{ECE040A0-D6F4-4187-9354-246BE7CCCEE7}.Release|Any CPU.ActiveCfg = Release|Any CPU
		{ECE040A0-D6F4-4187-9354-246BE7CCCEE7}.Release|Any CPU.Build.0 = Release|Any CPU
		{ECE040A0-D6F4-4187-9354-246BE7CCCEE7}.Release|x86.ActiveCfg = Release|Any CPU
		{ECE040A0-D6F4-4187-9354-246BE7CCCEE7}.Release|x86.Build.0 = Release|Any CPU
		{326FA8D7-0AD2-4B43-8FEA-327668A580DA}.Debug|Any CPU.ActiveCfg = Debug|Any CPU
		{326FA8D7-0AD2-4B43-8FEA-327668A580DA}.Debug|Any CPU.Build.0 = Debug|Any CPU
		{326FA8D7-0AD2-4B43-8FEA-327668A580DA}.Debug|x86.ActiveCfg = Debug|Any CPU
		{326FA8D7-0AD2-4B43-8FEA-327668A580DA}.Debug|x86.Build.0 = Debug|Any CPU
		{326FA8D7-0AD2-4B43-8FEA-327668A580DA}.Release|Any CPU.ActiveCfg = Release|Any CPU
		{326FA8D7-0AD2-4B43-8FEA-327668A580DA}.Release|Any CPU.Build.0 = Release|Any CPU
		{326FA8D7-0AD2-4B43-8FEA-327668A580DA}.Release|x86.ActiveCfg = Release|Any CPU
		{326FA8D7-0AD2-4B43-8FEA-327668A580DA}.Release|x86.Build.0 = Release|Any CPU
		{D8D689AB-0D80-49B9-A968-3C0547525898}.Debug|Any CPU.ActiveCfg = Debug|Any CPU
		{D8D689AB-0D80-49B9-A968-3C0547525898}.Debug|Any CPU.Build.0 = Debug|Any CPU
		{D8D689AB-0D80-49B9-A968-3C0547525898}.Debug|x86.ActiveCfg = Debug|Any CPU
		{D8D689AB-0D80-49B9-A968-3C0547525898}.Debug|x86.Build.0 = Debug|Any CPU
		{D8D689AB-0D80-49B9-A968-3C0547525898}.Release|Any CPU.ActiveCfg = Release|Any CPU
		{D8D689AB-0D80-49B9-A968-3C0547525898}.Release|Any CPU.Build.0 = Release|Any CPU
		{D8D689AB-0D80-49B9-A968-3C0547525898}.Release|x86.ActiveCfg = Release|Any CPU
		{D8D689AB-0D80-49B9-A968-3C0547525898}.Release|x86.Build.0 = Release|Any CPU
	EndGlobalSection
	GlobalSection(SolutionProperties) = preSolution
		HideSolutionNode = FALSE
	EndGlobalSection
EndGlobal
